github.com/google/uuid v1.4.0 h1:MtMxsa51/r9yyhkyLsVeVt0B+BGQZzpQiTQ4eHZ8bc4=
github.com/google/uuid v1.4.0/go.mod h1:TIyPZe4MgqvfeYDBFedMoGGpEw/LqOeaOT+nhxU+yHo=
github.com/hexcraft-biz/misc/basic v0.0.0-20231104024802-d6bd03c46e7a h1:EauzUyozQgWoLB0EW+huF4yA7kRUsN4BAMYt2M/hLeU=
github.com/hexcraft-biz/misc/basic v0.0.0-20231104024802-d6bd03c46e7a/go.mod h1:kB2wbubTMfw/gRlZ3G06HgO6eSqTFie+tHwGLSUZ5XU=
github.com/hexcraft-biz/misc/scope v0.0.0-20231104024537-b090ea0c6244 h1:xm3LvGwAVTU9b89itWUXvdeH3DuT8fAo0CRA0FXlvyM=
github.com/hexcraft-biz/misc/scope v0.0.0-20231104024537-b090ea0c6244/go.mod h1:8RjquxofXy+rLebWK8jW4wkt999qg8cBnye1Jmm8TT0=
github.com/hexcraft-biz/misc/xtime v0.0.0-20231104025129-829eb6f84582 h1:C2N+QYD/pOZVmcb+pc5AwbCykZLKdUTJ+U4AGyN49u4=
github.com/hexcraft-biz/misc/xtime v0.0.0-20231104025129-829eb6f84582/go.mod h1:LDVrHyp0q1hbZNdLp31lP13REs0CyHc4MHq3jr67NxY=
github.com/hexcraft-biz/misc/xuuid v0.0.0-20231104025129-829eb6f84582 h1:EgQrgF0amKmkMBYZN0YOCgwsJgPxyuKhu7MMJn6xCFk=
github.com/hexcraft-biz/misc/xuuid v0.0.0-20231104025129-829eb6f84582/go.mod h1:KvaYDSfdHt7C9/5VRNQNzEHzWJgPmR97iW6Igs/1e4c=
